
Microsoft Visual Studio Solution File, Format Version 12.00
# Visual Studio Version 17
VisualStudioVersion = 17.5.002.0
MinimumVisualStudioVersion = 10.0.40219.1
Project("{9A19103F-16F7-4668-BE54-9A1E7A4F7556}") = "day2", "day2\day2.csproj", "{0B9CE567-132C-45B8-81EA-9BE273546C76}"
EndProject
Project("{FAE04EC0-301F-11D3-BF4B-00C04F79EFBC}") = "day4", "day4\day4.csproj", "{D89B208D-C5E4-4111-BC4E-EB6F665F263B}"
EndProject
Global
	GlobalSection(SolutionConfigurationPlatforms) = preSolution
		Debug|Any CPU = Debug|Any CPU
		Release|Any CPU = Release|Any CPU
	EndGlobalSection
	GlobalSection(ProjectConfigurationPlatforms) = postSolution
		{0B9CE567-132C-45B8-81EA-9BE273546C76}.Debug|Any CPU.ActiveCfg = Debug|Any CPU
		{0B9CE567-132C-45B8-81EA-9BE273546C76}.Debug|Any CPU.Build.0 = Debug|Any CPU
		{0B9CE567-132C-45B8-81EA-9BE273546C76}.Release|Any CPU.ActiveCfg = Release|Any CPU
		{0B9CE567-132C-45B8-81EA-9BE273546C76}.Release|Any CPU.Build.0 = Release|Any CPU
		{D89B208D-C5E4-4111-BC4E-EB6F665F263B}.Debug|Any CPU.ActiveCfg = Debug|Any CPU
		{D89B208D-C5E4-4111-BC4E-EB6F665F263B}.Debug|Any CPU.Build.0 = Debug|Any CPU
		{D89B208D-C5E4-4111-BC4E-EB6F665F263B}.Release|Any CPU.ActiveCfg = Release|Any CPU
		{D89B208D-C5E4-4111-BC4E-EB6F665F263B}.Release|Any CPU.Build.0 = Release|Any CPU
	EndGlobalSection
	GlobalSection(SolutionProperties) = preSolution
		HideSolutionNode = FALSE
	EndGlobalSection
	GlobalSection(ExtensibilityGlobals) = postSolution
		SolutionGuid = {72448867-71DB-4DE1-88F2-245E7C1B72DA}
	EndGlobalSection
EndGlobal
